
Microsoft Visual Studio Solution File, Format Version 12.00
# Visual Studio Version 16
VisualStudioVersion = 16.0.31702.278
MinimumVisualStudioVersion = 10.0.40219.1
Project("{FAE04EC0-301F-11D3-BF4B-00C04F79EFBC}") = "LINQ-Tutorial", "LINQ-Tutorial\LINQ-Tutorial.csproj", "{0EF253AD-53C4-4ED0-A8EA-2762D5D304D8}"
EndProject
Global
	GlobalSection(SolutionConfigurationPlatforms) = preSolution
		Debug|Any CPU = Debug|Any CPU
		Release|Any CPU = Release|Any CPU
	EndGlobalSection
	GlobalSection(ProjectConfigurationPlatforms) = postSolution
		{0EF253AD-53C4-4ED0-A8EA-2762D5D304D8}.Debug|Any CPU.ActiveCfg = Debug|Any CPU
		{0EF253AD-53C4-4ED0-A8EA-2762D5D304D8}.Debug|Any CPU.Build.0 = Debug|Any CPU
		{0EF253AD-53C4-4ED0-A8EA-2762D5D304D8}.Release|Any CPU.ActiveCfg = Release|Any CPU
		{0EF253AD-53C4-4ED0-A8EA-2762D5D304D8}.Release|Any CPU.Build.0 = Release|Any CPU
	EndGlobalSection
	GlobalSection(SolutionProperties) = preSolution
		HideSolutionNode = FALSE
	EndGlobalSection
	GlobalSection(ExtensibilityGlobals) = postSolution
		SolutionGuid = {8E1A0488-0BAE-4B4C-A42A-00A06B92A3C0}
	EndGlobalSection
EndGlobal
